
Microsoft Visual Studio Solution File, Format Version 12.00
# Visual Studio Version 17
VisualStudioVersion = 17.6.33801.468
MinimumVisualStudioVersion = 10.0.40219.1
Project("{8BC9CEB8-8B4A-11D0-8D11-00A0C91BC942}") = "Task_01", "Task_01\Task_01.vcxproj", "{9484EE7A-DC82-4B76-B7C3-C073D65123FC}"
EndProject
Project("{8BC9CEB8-8B4A-11D0-8D11-00A0C91BC942}") = "Greater", "Lib\Greater\Greater.vcxproj", "{9AC7BAD5-B70D-40F7-A886-6BDE5F4494E7}"
EndProject
Global
	GlobalSection(SolutionConfigurationPlatforms) = preSolution
		Debug|x64 = Debug|x64
		Debug|x86 = Debug|x86
		Release|x64 = Release|x64
		Release|x86 = Release|x86
	EndGlobalSection
	GlobalSection(ProjectConfigurationPlatforms) = postSolution
		{9484EE7A-DC82-4B76-B7C3-C073D65123FC}.Debug|x64.ActiveCfg = Debug|x64
		{9484EE7A-DC82-4B76-B7C3-C073D65123FC}.Debug|x64.Build.0 = Debug|x64
		{9484EE7A-DC82-4B76-B7C3-C073D65123FC}.Debug|x86.ActiveCfg = Debug|Win32
		{9484EE7A-DC82-4B76-B7C3-C073D65123FC}.Debug|x86.Build.0 = Debug|Win32
		{9484EE7A-DC82-4B76-B7C3-C073D65123FC}.Release|x64.ActiveCfg = Release|x64
		{9484EE7A-DC82-4B76-B7C3-C073D65123FC}.Release|x64.Build.0 = Release|x64
		{9484EE7A-DC82-4B76-B7C3-C073D65123FC}.Release|x86.ActiveCfg = Release|Win32
		{9484EE7A-DC82-4B76-B7C3-C073D65123FC}.Release|x86.Build.0 = Release|Win32
		{9AC7BAD5-B70D-40F7-A886-6BDE5F4494E7}.Debug|x64.ActiveCfg = Debug|x64
		{9AC7BAD5-B70D-40F7-A886-6BDE5F4494E7}.Debug|x64.Build.0 = Debug|x64
		{9AC7BAD5-B70D-40F7-A886-6BDE5F4494E7}.Debug|x86.ActiveCfg = Debug|Win32
		{9AC7BAD5-B70D-40F7-A886-6BDE5F4494E7}.Debug|x86.Build.0 = Debug|Win32
		{9AC7BAD5-B70D-40F7-A886-6BDE5F4494E7}.Release|x64.ActiveCfg = Release|x64
		{9AC7BAD5-B70D-40F7-A886-6BDE5F4494E7}.Release|x64.Build.0 = Release|x64
		{9AC7BAD5-B70D-40F7-A886-6BDE5F4494E7}.Release|x86.ActiveCfg = Release|Win32
		{9AC7BAD5-B70D-40F7-A886-6BDE5F4494E7}.Release|x86.Build.0 = Release|Win32
	EndGlobalSection
	GlobalSection(SolutionProperties) = preSolution
		HideSolutionNode = FALSE
	EndGlobalSection
	GlobalSection(ExtensibilityGlobals) = postSolution
		SolutionGuid = {3A4DFFD4-BC2A-4141-AE3A-D8ED46364771}
	EndGlobalSection
EndGlobal
